Microsoft Visual Studio Solution File, Format Version 12.00
# Visual Studio Version 16
VisualStudioVersion = 16.0.30413.136
MinimumVisualStudioVersion = 10.0.40219.1
Project("{8BC9CEB8-8B4A-11D0-8D11-00A0C91BC942}") = "foobar2000_SDK", "..\SDK\foobar2000_SDK.vcxproj", "{E8091321-D79D-4575-86EF-064EA1A4A20D}"
EndProject
Project("{8BC9CEB8-8B4A-11D0-8D11-00A0C91BC942}") = "foobar2000_component_client", "..\foobar2000_component_client\foobar2000_component_client.vcxproj", "{71AD2674-065B-48F5-B8B0-E1F9D3892081}"
EndProject
Project("{8BC9CEB8-8B4A-11D0-8D11-00A0C91BC942}") = "foobar2000_sdk_helpers", "..\helpers\foobar2000_sdk_helpers.vcxproj", "{EE47764E-A202-4F85-A767-ABDAB4AFF35F}"
EndProject
Project("{8BC9CEB8-8B4A-11D0-8D11-00A0C91BC942}") = "pfc", "..\..\pfc\pfc.vcxproj", "{EBFFFB4E-261D-44D3-B89C-957B31A0BF9C}"
EndProject
Project("{8BC9CEB8-8B4A-11D0-8D11-00A0C91BC942}") = "libPPUI", "..\..\libPPUI\libPPUI.vcxproj", "{7729EB82-4069-4414-964B-AD399091A03F}"
EndProject
Project("{8BC9CEB8-8B4A-11D0-8D11-00A0C91BC942}") = "jansson", "..\zoomarph libs\jansson-2.13.1\build\jansson.vcxproj", "{63132D6B-5228-38FE-804F-2FF4F5CD6967}"
EndProject
Project("{8BC9CEB8-8B4A-11D0-8D11-00A0C91BC942}") = "zlibstat", "..\zoomarph libs\zlib-1.2.11\contrib\vstudio\vc14\zlibstat.vcxproj", "{745DEC58-EBB3-47A9-A9B8-4C6627C01BF8}"
EndProject
Project("{8BC9CEB8-8B4A-11D0-8D11-00A0C91BC942}") = "ZERO_CHECK", "..\zoomarph libs\liboauthcpp-master\build\ZERO_CHECK.vcxproj", "{F830ECCA-11F3-3F82-A187-53438809F681}"
EndProject
Project("{8BC9CEB8-8B4A-11D0-8D11-00A0C91BC942}") = "foo_discogs", "foo_discogs.vcxproj", "{C2EAA3A6-BD00-43B4-B7C3-6FCB040F691F}"
	ProjectSection(ProjectDependencies) = postProject
		{E8091321-D79D-4575-86EF-064EA1A4A20D} = {E8091321-D79D-4575-86EF-064EA1A4A20D}
		{EE47764E-A202-4F85-A767-ABDAB4AFF35F} = {EE47764E-A202-4F85-A767-ABDAB4AFF35F}
		{EBFFFB4E-261D-44D3-B89C-957B31A0BF9C} = {EBFFFB4E-261D-44D3-B89C-957B31A0BF9C}
		{71AD2674-065B-48F5-B8B0-E1F9D3892081} = {71AD2674-065B-48F5-B8B0-E1F9D3892081}
		{7729EB82-4069-4414-964B-AD399091A03F} = {7729EB82-4069-4414-964B-AD399091A03F}
	EndProjectSection
EndProject
Project("{8BC9CEB8-8B4A-11D0-8D11-00A0C91BC942}") = "oauthcpp", "..\zoomarph libs\oauth\liboauthcpp-master\build\oauthcpp.vcxproj", "{0DA1BE67-9168-3BE7-B89E-6AFF098D5BEB}"
EndProject
Global
	GlobalSection(SolutionConfigurationPlatforms) = preSolution
		Debug|Itanium = Debug|Itanium
		Debug|Win32 = Debug|Win32
		Debug|x64 = Debug|x64
		MinSizeRel|Itanium = MinSizeRel|Itanium
		MinSizeRel|Win32 = MinSizeRel|Win32
		MinSizeRel|x64 = MinSizeRel|x64
		Release|Itanium = Release|Itanium
		Release|Win32 = Release|Win32
		Release|x64 = Release|x64
		ReleaseWithoutAsm|Itanium = ReleaseWithoutAsm|Itanium
		ReleaseWithoutAsm|Win32 = ReleaseWithoutAsm|Win32
		ReleaseWithoutAsm|x64 = ReleaseWithoutAsm|x64
		RelWithDebInfo|Itanium = RelWithDebInfo|Itanium
		RelWithDebInfo|Win32 = RelWithDebInfo|Win32
		RelWithDebInfo|x64 = RelWithDebInfo|x64
	EndGlobalSection
	GlobalSection(ProjectConfigurationPlatforms) = postSolution
		{E8091321-D79D-4575-86EF-064EA1A4A20D}.Debug|Itanium.ActiveCfg = Debug|Win32
		{E8091321-D79D-4575-86EF-064EA1A4A20D}.Debug|Win32.ActiveCfg = Debug|Win32
		{E8091321-D79D-4575-86EF-064EA1A4A20D}.Debug|Win32.Build.0 = Debug|Win32
		{E8091321-D79D-4575-86EF-064EA1A4A20D}.Debug|x64.ActiveCfg = Debug|Win32
		{E8091321-D79D-4575-86EF-064EA1A4A20D}.MinSizeRel|Itanium.ActiveCfg = Release|Win32
		{E8091321-D79D-4575-86EF-064EA1A4A20D}.MinSizeRel|Itanium.Build.0 = Release|Win32
		{E8091321-D79D-4575-86EF-064EA1A4A20D}.MinSizeRel|Win32.ActiveCfg = Debug|Win32
		{E8091321-D79D-4575-86EF-064EA1A4A20D}.MinSizeRel|Win32.Build.0 = Debug|Win32
		{E8091321-D79D-4575-86EF-064EA1A4A20D}.MinSizeRel|x64.ActiveCfg = Release|Win32
		{E8091321-D79D-4575-86EF-064EA1A4A20D}.Release|Itanium.ActiveCfg = Release|Win32
		{E8091321-D79D-4575-86EF-064EA1A4A20D}.Release|Win32.ActiveCfg = Release|Win32
		{E8091321-D79D-4575-86EF-064EA1A4A20D}.Release|Win32.Build.0 = Release|Win32
		{E8091321-D79D-4575-86EF-064EA1A4A20D}.Release|x64.ActiveCfg = Release|Win32
		{E8091321-D79D-4575-86EF-064EA1A4A20D}.ReleaseWithoutAsm|Itanium.ActiveCfg = Release|Win32
		{E8091321-D79D-4575-86EF-064EA1A4A20D}.ReleaseWithoutAsm|Itanium.Build.0 = Release|Win32
		{E8091321-D79D-4575-86EF-064EA1A4A20D}.ReleaseWithoutAsm|Win32.ActiveCfg = Release|Win32
		{E8091321-D79D-4575-86EF-064EA1A4A20D}.ReleaseWithoutAsm|Win32.Build.0 = Release|Win32
		{E8091321-D79D-4575-86EF-064EA1A4A20D}.ReleaseWithoutAsm|x64.ActiveCfg = Release|Win32
		{E8091321-D79D-4575-86EF-064EA1A4A20D}.ReleaseWithoutAsm|x64.Build.0 = Release|Win32
		{E8091321-D79D-4575-86EF-064EA1A4A20D}.RelWithDebInfo|Itanium.ActiveCfg = Release|Win32
		{E8091321-D79D-4575-86EF-064EA1A4A20D}.RelWithDebInfo|Itanium.Build.0 = Release|Win32
		{E8091321-D79D-4575-86EF-064EA1A4A20D}.RelWithDebInfo|Win32.ActiveCfg = Release|Win32
		{E8091321-D79D-4575-86EF-064EA1A4A20D}.RelWithDebInfo|Win32.Build.0 = Release|Win32
		{E8091321-D79D-4575-86EF-064EA1A4A20D}.RelWithDebInfo|x64.ActiveCfg = Release|Win32
		{71AD2674-065B-48F5-B8B0-E1F9D3892081}.Debug|Itanium.ActiveCfg = Debug|Win32
		{71AD2674-065B-48F5-B8B0-E1F9D3892081}.Debug|Win32.ActiveCfg = Debug|Win32
		{71AD2674-065B-48F5-B8B0-E1F9D3892081}.Debug|Win32.Build.0 = Debug|Win32
		{71AD2674-065B-48F5-B8B0-E1F9D3892081}.Debug|x64.ActiveCfg = Debug|Win32
		{71AD2674-065B-48F5-B8B0-E1F9D3892081}.MinSizeRel|Itanium.ActiveCfg = Release|Win32
		{71AD2674-065B-48F5-B8B0-E1F9D3892081}.MinSizeRel|Itanium.Build.0 = Release|Win32
		{71AD2674-065B-48F5-B8B0-E1F9D3892081}.MinSizeRel|Win32.ActiveCfg = Debug|Win32
		{71AD2674-065B-48F5-B8B0-E1F9D3892081}.MinSizeRel|Win32.Build.0 = Debug|Win32
		{71AD2674-065B-48F5-B8B0-E1F9D3892081}.MinSizeRel|x64.ActiveCfg = Release|Win32
		{71AD2674-065B-48F5-B8B0-E1F9D3892081}.Release|Itanium.ActiveCfg = Release|Win32
		{71AD2674-065B-48F5-B8B0-E1F9D3892081}.Release|Win32.ActiveCfg = Release|Win32
		{71AD2674-065B-48F5-B8B0-E1F9D3892081}.Release|Win32.Build.0 = Release|Win32
		{71AD2674-065B-48F5-B8B0-E1F9D3892081}.Release|x64.ActiveCfg = Release|Win32
		{71AD2674-065B-48F5-B8B0-E1F9D3892081}.ReleaseWithoutAsm|Itanium.ActiveCfg = Release|Win32
		{71AD2674-065B-48F5-B8B0-E1F9D3892081}.ReleaseWithoutAsm|Itanium.Build.0 = Release|Win32
		{71AD2674-065B-48F5-B8B0-E1F9D3892081}.ReleaseWithoutAsm|Win32.ActiveCfg = Release|Win32
		{71AD2674-065B-48F5-B8B0-E1F9D3892081}.ReleaseWithoutAsm|Win32.Build.0 = Release|Win32
		{71AD2674-065B-48F5-B8B0-E1F9D3892081}.ReleaseWithoutAsm|x64.ActiveCfg = Release|Win32
		{71AD2674-065B-48F5-B8B0-E1F9D3892081}.ReleaseWithoutAsm|x64.Build.0 = Release|Win32
		{71AD2674-065B-48F5-B8B0-E1F9D3892081}.RelWithDebInfo|Itanium.ActiveCfg = Release|Win32
		{71AD2674-065B-48F5-B8B0-E1F9D3892081}.RelWithDebInfo|Itanium.Build.0 = Release|Win32
		{71AD2674-065B-48F5-B8B0-E1F9D3892081}.RelWithDebInfo|Win32.ActiveCfg = Release|Win32
		{71AD2674-065B-48F5-B8B0-E1F9D3892081}.RelWithDebInfo|Win32.Build.0 = Release|Win32
		{71AD2674-065B-48F5-B8B0-E1F9D3892081}.RelWithDebInfo|x64.ActiveCfg = Release|Win32
		{EE47764E-A202-4F85-A767-ABDAB4AFF35F}.Debug|Itanium.ActiveCfg = Debug|Win32
		{EE47764E-A202-4F85-A767-ABDAB4AFF35F}.Debug|Win32.ActiveCfg = Debug|Win32
		{EE47764E-A202-4F85-A767-ABDAB4AFF35F}.Debug|Win32.Build.0 = Debug|Win32
		{EE47764E-A202-4F85-A767-ABDAB4AFF35F}.Debug|x64.ActiveCfg = Debug|Win32
		{EE47764E-A202-4F85-A767-ABDAB4AFF35F}.MinSizeRel|Itanium.ActiveCfg = Release|Win32
		{EE47764E-A202-4F85-A767-ABDAB4AFF35F}.MinSizeRel|Itanium.Build.0 = Release|Win32
		{EE47764E-A202-4F85-A767-ABDAB4AFF35F}.MinSizeRel|Win32.ActiveCfg = Debug|Win32
		{EE47764E-A202-4F85-A767-ABDAB4AFF35F}.MinSizeRel|Win32.Build.0 = Debug|Win32
		{EE47764E-A202-4F85-A767-ABDAB4AFF35F}.MinSizeRel|x64.ActiveCfg = Release|Win32
		{EE47764E-A202-4F85-A767-ABDAB4AFF35F}.Release|Itanium.ActiveCfg = Release|Win32
		{EE47764E-A202-4F85-A767-ABDAB4AFF35F}.Release|Win32.ActiveCfg = Release|Win32
		{EE47764E-A202-4F85-A767-ABDAB4AFF35F}.Release|Win32.Build.0 = Release|Win32
		{EE47764E-A202-4F85-A767-ABDAB4AFF35F}.Release|x64.ActiveCfg = Release|Win32
		{EE47764E-A202-4F85-A767-ABDAB4AFF35F}.ReleaseWithoutAsm|Itanium.ActiveCfg = Release|Win32
		{EE47764E-A202-4F85-A767-ABDAB4AFF35F}.ReleaseWithoutAsm|Itanium.Build.0 = Release|Win32
		{EE47764E-A202-4F85-A767-ABDAB4AFF35F}.ReleaseWithoutAsm|Win32.ActiveCfg = Release|Win32
		{EE47764E-A202-4F85-A767-ABDAB4AFF35F}.ReleaseWithoutAsm|Win32.Build.0 = Release|Win32
		{EE47764E-A202-4F85-A767-ABDAB4AFF35F}.ReleaseWithoutAsm|x64.ActiveCfg = Release|Win32
		{EE47764E-A202-4F85-A767-ABDAB4AFF35F}.ReleaseWithoutAsm|x64.Build.0 = Release|Win32
		{EE47764E-A202-4F85-A767-ABDAB4AFF35F}.RelWithDebInfo|Itanium.ActiveCfg = Release|Win32
		{EE47764E-A202-4F85-A767-ABDAB4AFF35F}.RelWithDebInfo|Itanium.Build.0 = Release|Win32
		{EE47764E-A202-4F85-A767-ABDAB4AFF35F}.RelWithDebInfo|Win32.ActiveCfg = Release|Win32
		{EE47764E-A202-4F85-A767-ABDAB4AFF35F}.RelWithDebInfo|Win32.Build.0 = Release|Win32
		{EE47764E-A202-4F85-A767-ABDAB4AFF35F}.RelWithDebInfo|x64.ActiveCfg = Release|Win32
		{EBFFFB4E-261D-44D3-B89C-957B31A0BF9C}.Debug|Itanium.ActiveCfg = Debug|Win32
		{EBFFFB4E-261D-44D3-B89C-957B31A0BF9C}.Debug|Win32.ActiveCfg = Debug|Win32
		{EBFFFB4E-261D-44D3-B89C-957B31A0BF9C}.Debug|Win32.Build.0 = Debug|Win32
		{EBFFFB4E-261D-44D3-B89C-957B31A0BF9C}.Debug|x64.ActiveCfg = Debug|x64
		{EBFFFB4E-261D-44D3-B89C-957B31A0BF9C}.Debug|x64.Build.0 = Debug|x64
		{EBFFFB4E-261D-44D3-B89C-957B31A0BF9C}.MinSizeRel|Itanium.ActiveCfg = Release FB2K|x64
		{EBFFFB4E-261D-44D3-B89C-957B31A0BF9C}.MinSizeRel|Itanium.Build.0 = Release FB2K|x64
		{EBFFFB4E-261D-44D3-B89C-957B31A0BF9C}.MinSizeRel|Win32.ActiveCfg = Release|Win32
		{EBFFFB4E-261D-44D3-B89C-957B31A0BF9C}.MinSizeRel|Win32.Build.0 = Release|Win32
		{EBFFFB4E-261D-44D3-B89C-957B31A0BF9C}.MinSizeRel|x64.ActiveCfg = Release|x64
		{EBFFFB4E-261D-44D3-B89C-957B31A0BF9C}.MinSizeRel|x64.Build.0 = Release|x64
		{EBFFFB4E-261D-44D3-B89C-957B31A0BF9C}.Release|Itanium.ActiveCfg = Release|Win32
		{EBFFFB4E-261D-44D3-B89C-957B31A0BF9C}.Release|Win32.ActiveCfg = Release|Win32
		{EBFFFB4E-261D-44D3-B89C-957B31A0BF9C}.Release|Win32.Build.0 = Release|Win32
		{EBFFFB4E-261D-44D3-B89C-957B31A0BF9C}.Release|x64.ActiveCfg = Release|x64
		{EBFFFB4E-261D-44D3-B89C-957B31A0BF9C}.Release|x64.Build.0 = Release|x64
		{EBFFFB4E-261D-44D3-B89C-957B31A0BF9C}.ReleaseWithoutAsm|Itanium.ActiveCfg = Release FB2K|x64
		{EBFFFB4E-261D-44D3-B89C-957B31A0BF9C}.ReleaseWithoutAsm|Itanium.Build.0 = Release FB2K|x64
		{EBFFFB4E-261D-44D3-B89C-957B31A0BF9C}.ReleaseWithoutAsm|Win32.ActiveCfg = Release FB2K|Win32
		{EBFFFB4E-261D-44D3-B89C-957B31A0BF9C}.ReleaseWithoutAsm|Win32.Build.0 = Release FB2K|Win32
		{EBFFFB4E-261D-44D3-B89C-957B31A0BF9C}.ReleaseWithoutAsm|x64.ActiveCfg = Release FB2K|x64
		{EBFFFB4E-261D-44D3-B89C-957B31A0BF9C}.ReleaseWithoutAsm|x64.Build.0 = Release FB2K|x64
		{EBFFFB4E-261D-44D3-B89C-957B31A0BF9C}.RelWithDebInfo|Itanium.ActiveCfg = Release FB2K|x64
		{EBFFFB4E-261D-44D3-B89C-957B31A0BF9C}.RelWithDebInfo|Itanium.Build.0 = Release FB2K|x64
		{EBFFFB4E-261D-44D3-B89C-957B31A0BF9C}.RelWithDebInfo|Win32.ActiveCfg = Release|Win32
		{EBFFFB4E-261D-44D3-B89C-957B31A0BF9C}.RelWithDebInfo|Win32.Build.0 = Release|Win32
		{EBFFFB4E-261D-44D3-B89C-957B31A0BF9C}.RelWithDebInfo|x64.ActiveCfg = Release|x64
		{EBFFFB4E-261D-44D3-B89C-957B31A0BF9C}.RelWithDebInfo|x64.Build.0 = Release|x64
		{7729EB82-4069-4414-964B-AD399091A03F}.Debug|Itanium.ActiveCfg = Debug|Win32
		{7729EB82-4069-4414-964B-AD399091A03F}.Debug|Win32.ActiveCfg = Debug|Win32
		{7729EB82-4069-4414-964B-AD399091A03F}.Debug|Win32.Build.0 = Debug|Win32
		{7729EB82-4069-4414-964B-AD399091A03F}.Debug|x64.ActiveCfg = Debug|x64
		{7729EB82-4069-4414-964B-AD399091A03F}.Debug|x64.Build.0 = Debug|x64
		{7729EB82-4069-4414-964B-AD399091A03F}.MinSizeRel|Itanium.ActiveCfg = Release|x64
		{7729EB82-4069-4414-964B-AD399091A03F}.MinSizeRel|Itanium.Build.0 = Release|x64
		{7729EB82-4069-4414-964B-AD399091A03F}.MinSizeRel|Win32.ActiveCfg = Release|Win32
		{7729EB82-4069-4414-964B-AD399091A03F}.MinSizeRel|Win32.Build.0 = Release|Win32
		{7729EB82-4069-4414-964B-AD399091A03F}.MinSizeRel|x64.ActiveCfg = Release|x64
		{7729EB82-4069-4414-964B-AD399091A03F}.MinSizeRel|x64.Build.0 = Release|x64
		{7729EB82-4069-4414-964B-AD399091A03F}.Release|Itanium.ActiveCfg = Release|Win32
		{7729EB82-4069-4414-964B-AD399091A03F}.Release|Win32.ActiveCfg = Release|Win32
		{7729EB82-4069-4414-964B-AD399091A03F}.Release|Win32.Build.0 = Release|Win32
		{7729EB82-4069-4414-964B-AD399091A03F}.Release|x64.ActiveCfg = Release|x64
		{7729EB82-4069-4414-964B-AD399091A03F}.Release|x64.Build.0 = Release|x64
		{7729EB82-4069-4414-964B-AD399091A03F}.ReleaseWithoutAsm|Itanium.ActiveCfg = Release|x64
		{7729EB82-4069-4414-964B-AD399091A03F}.ReleaseWithoutAsm|Itanium.Build.0 = Release|x64
		{7729EB82-4069-4414-964B-AD399091A03F}.ReleaseWithoutAsm|Win32.ActiveCfg = Release|Win32
		{7729EB82-4069-4414-964B-AD399091A03F}.ReleaseWithoutAsm|Win32.Build.0 = Release|Win32
		{7729EB82-4069-4414-964B-AD399091A03F}.ReleaseWithoutAsm|x64.ActiveCfg = Release|x64
		{7729EB82-4069-4414-964B-AD399091A03F}.ReleaseWithoutAsm|x64.Build.0 = Release|x64
		{7729EB82-4069-4414-964B-AD399091A03F}.RelWithDebInfo|Itanium.ActiveCfg = Release|x64
		{7729EB82-4069-4414-964B-AD399091A03F}.RelWithDebInfo|Itanium.Build.0 = Release|x64
		{7729EB82-4069-4414-964B-AD399091A03F}.RelWithDebInfo|Win32.ActiveCfg = Release|Win32
		{7729EB82-4069-4414-964B-AD399091A03F}.RelWithDebInfo|Win32.Build.0 = Release|Win32
		{7729EB82-4069-4414-964B-AD399091A03F}.RelWithDebInfo|x64.ActiveCfg = Release|x64
		{7729EB82-4069-4414-964B-AD399091A03F}.RelWithDebInfo|x64.Build.0 = Release|x64
		{63132D6B-5228-38FE-804F-2FF4F5CD6967}.Debug|Itanium.ActiveCfg = Debug|win32
		{63132D6B-5228-38FE-804F-2FF4F5CD6967}.Debug|Win32.ActiveCfg = Debug|win32
		{63132D6B-5228-38FE-804F-2FF4F5CD6967}.Debug|Win32.Build.0 = Debug|win32
		{63132D6B-5228-38FE-804F-2FF4F5CD6967}.Debug|x64.ActiveCfg = Debug|win32
		{63132D6B-5228-38FE-804F-2FF4F5CD6967}.MinSizeRel|Itanium.ActiveCfg = MinSizeRel|win32
		{63132D6B-5228-38FE-804F-2FF4F5CD6967}.MinSizeRel|Win32.ActiveCfg = MinSizeRel|win32
		{63132D6B-5228-38FE-804F-2FF4F5CD6967}.MinSizeRel|Win32.Build.0 = MinSizeRel|win32
		{63132D6B-5228-38FE-804F-2FF4F5CD6967}.MinSizeRel|x64.ActiveCfg = MinSizeRel|win32
		{63132D6B-5228-38FE-804F-2FF4F5CD6967}.Release|Itanium.ActiveCfg = Release|win32
		{63132D6B-5228-38FE-804F-2FF4F5CD6967}.Release|Win32.ActiveCfg = Release|win32
		{63132D6B-5228-38FE-804F-2FF4F5CD6967}.Release|Win32.Build.0 = Release|win32
		{63132D6B-5228-38FE-804F-2FF4F5CD6967}.Release|x64.ActiveCfg = Release|win32
		{63132D6B-5228-38FE-804F-2FF4F5CD6967}.ReleaseWithoutAsm|Itanium.ActiveCfg = Release|win32
		{63132D6B-5228-38FE-804F-2FF4F5CD6967}.ReleaseWithoutAsm|Itanium.Build.0 = Release|win32
		{63132D6B-5228-38FE-804F-2FF4F5CD6967}.ReleaseWithoutAsm|Win32.ActiveCfg = Release|win32
		{63132D6B-5228-38FE-804F-2FF4F5CD6967}.ReleaseWithoutAsm|Win32.Build.0 = Release|win32
		{63132D6B-5228-38FE-804F-2FF4F5CD6967}.ReleaseWithoutAsm|x64.ActiveCfg = Release|win32
		{63132D6B-5228-38FE-804F-2FF4F5CD6967}.ReleaseWithoutAsm|x64.Build.0 = Release|win32
		{63132D6B-5228-38FE-804F-2FF4F5CD6967}.RelWithDebInfo|Itanium.ActiveCfg = RelWithDebInfo|win32
		{63132D6B-5228-38FE-804F-2FF4F5CD6967}.RelWithDebInfo|Win32.ActiveCfg = RelWithDebInfo|win32
		{63132D6B-5228-38FE-804F-2FF4F5CD6967}.RelWithDebInfo|Win32.Build.0 = RelWithDebInfo|win32
		{63132D6B-5228-38FE-804F-2FF4F5CD6967}.RelWithDebInfo|x64.ActiveCfg = RelWithDebInfo|win32
		{745DEC58-EBB3-47A9-A9B8-4C6627C01BF8}.Debug|Itanium.ActiveCfg = Debug|Itanium
		{745DEC58-EBB3-47A9-A9B8-4C6627C01BF8}.Debug|Itanium.Build.0 = Debug|Itanium
		{745DEC58-EBB3-47A9-A9B8-4C6627C01BF8}.Debug|Win32.ActiveCfg = Debug|Win32
		{745DEC58-EBB3-47A9-A9B8-4C6627C01BF8}.Debug|Win32.Build.0 = Debug|Win32
		{745DEC58-EBB3-47A9-A9B8-4C6627C01BF8}.Debug|x64.ActiveCfg = Debug|x64
		{745DEC58-EBB3-47A9-A9B8-4C6627C01BF8}.Debug|x64.Build.0 = Debug|x64
		{745DEC58-EBB3-47A9-A9B8-4C6627C01BF8}.MinSizeRel|Itanium.ActiveCfg = ReleaseWithoutAsm|Itanium
		{745DEC58-EBB3-47A9-A9B8-4C6627C01BF8}.MinSizeRel|Itanium.Build.0 = ReleaseWithoutAsm|Itanium
		{745DEC58-EBB3-47A9-A9B8-4C6627C01BF8}.MinSizeRel|Win32.ActiveCfg = Release|Win32
		{745DEC58-EBB3-47A9-A9B8-4C6627C01BF8}.MinSizeRel|Win32.Build.0 = Release|Win32
		{745DEC58-EBB3-47A9-A9B8-4C6627C01BF8}.MinSizeRel|x64.ActiveCfg = Release|x64
		{745DEC58-EBB3-47A9-A9B8-4C6627C01BF8}.MinSizeRel|x64.Build.0 = Release|x64
		{745DEC58-EBB3-47A9-A9B8-4C6627C01BF8}.Release|Itanium.ActiveCfg = Release|Itanium
		{745DEC58-EBB3-47A9-A9B8-4C6627C01BF8}.Release|Itanium.Build.0 = Release|Itanium
		{745DEC58-EBB3-47A9-A9B8-4C6627C01BF8}.Release|Win32.ActiveCfg = Release|Win32
		{745DEC58-EBB3-47A9-A9B8-4C6627C01BF8}.Release|Win32.Build.0 = Release|Win32
		{745DEC58-EBB3-47A9-A9B8-4C6627C01BF8}.Release|x64.ActiveCfg = Release|x64
		{745DEC58-EBB3-47A9-A9B8-4C6627C01BF8}.Release|x64.Build.0 = Release|x64
		{745DEC58-EBB3-47A9-A9B8-4C6627C01BF8}.ReleaseWithoutAsm|Itanium.ActiveCfg = ReleaseWithoutAsm|Itanium
		{745DEC58-EBB3-47A9-A9B8-4C6627C01BF8}.ReleaseWithoutAsm|Itanium.Build.0 = ReleaseWithoutAsm|Itanium
		{745DEC58-EBB3-47A9-A9B8-4C6627C01BF8}.ReleaseWithoutAsm|Win32.ActiveCfg = ReleaseWithoutAsm|Win32
		{745DEC58-EBB3-47A9-A9B8-4C6627C01BF8}.ReleaseWithoutAsm|Win32.Build.0 = ReleaseWithoutAsm|Win32
		{745DEC58-EBB3-47A9-A9B8-4C6627C01BF8}.ReleaseWithoutAsm|x64.ActiveCfg = ReleaseWithoutAsm|x64
		{745DEC58-EBB3-47A9-A9B8-4C6627C01BF8}.ReleaseWithoutAsm|x64.Build.0 = ReleaseWithoutAsm|x64
		{745DEC58-EBB3-47A9-A9B8-4C6627C01BF8}.RelWithDebInfo|Itanium.ActiveCfg = ReleaseWithoutAsm|Itanium
		{745DEC58-EBB3-47A9-A9B8-4C6627C01BF8}.RelWithDebInfo|Itanium.Build.0 = ReleaseWithoutAsm|Itanium
		{745DEC58-EBB3-47A9-A9B8-4C6627C01BF8}.RelWithDebInfo|Win32.ActiveCfg = Release|Win32
		{745DEC58-EBB3-47A9-A9B8-4C6627C01BF8}.RelWithDebInfo|Win32.Build.0 = Release|Win32
		{745DEC58-EBB3-47A9-A9B8-4C6627C01BF8}.RelWithDebInfo|x64.ActiveCfg = Release|x64
		{745DEC58-EBB3-47A9-A9B8-4C6627C01BF8}.RelWithDebInfo|x64.Build.0 = Release|x64
		{F830ECCA-11F3-3F82-A187-53438809F681}.Debug|Itanium.ActiveCfg = Debug|x64
		{F830ECCA-11F3-3F82-A187-53438809F681}.Debug|Win32.ActiveCfg = Debug|x64
		{F830ECCA-11F3-3F82-A187-53438809F681}.Debug|x64.ActiveCfg = Debug|x64
		{F830ECCA-11F3-3F82-A187-53438809F681}.Debug|x64.Build.0 = Debug|x64
		{F830ECCA-11F3-3F82-A187-53438809F681}.MinSizeRel|Itanium.ActiveCfg = MinSizeRel|x64
		{F830ECCA-11F3-3F82-A187-53438809F681}.MinSizeRel|Win32.ActiveCfg = MinSizeRel|x64
		{F830ECCA-11F3-3F82-A187-53438809F681}.MinSizeRel|x64.ActiveCfg = MinSizeRel|x64
		{F830ECCA-11F3-3F82-A187-53438809F681}.MinSizeRel|x64.Build.0 = MinSizeRel|x64
		{F830ECCA-11F3-3F82-A187-53438809F681}.Release|Itanium.ActiveCfg = Release|x64
		{F830ECCA-11F3-3F82-A187-53438809F681}.Release|Win32.ActiveCfg = Release|x64
		{F830ECCA-11F3-3F82-A187-53438809F681}.Release|x64.ActiveCfg = Release|x64
		{F830ECCA-11F3-3F82-A187-53438809F681}.Release|x64.Build.0 = Release|x64
		{F830ECCA-11F3-3F82-A187-53438809F681}.ReleaseWithoutAsm|Itanium.ActiveCfg = MinSizeRel|x64
		{F830ECCA-11F3-3F82-A187-53438809F681}.ReleaseWithoutAsm|Itanium.Build.0 = MinSizeRel|x64
		{F830ECCA-11F3-3F82-A187-53438809F681}.ReleaseWithoutAsm|Win32.ActiveCfg = MinSizeRel|x64
		{F830ECCA-11F3-3F82-A187-53438809F681}.ReleaseWithoutAsm|Win32.Build.0 = MinSizeRel|x64
		{F830ECCA-11F3-3F82-A187-53438809F681}.ReleaseWithoutAsm|x64.ActiveCfg = Release|x64
		{F830ECCA-11F3-3F82-A187-53438809F681}.ReleaseWithoutAsm|x64.Build.0 = Release|x64
		{F830ECCA-11F3-3F82-A187-53438809F681}.RelWithDebInfo|Itanium.ActiveCfg = RelWithDebInfo|x64
		{F830ECCA-11F3-3F82-A187-53438809F681}.RelWithDebInfo|Win32.ActiveCfg = RelWithDebInfo|x64
		{F830ECCA-11F3-3F82-A187-53438809F681}.RelWithDebInfo|x64.ActiveCfg = RelWithDebInfo|x64
		{F830ECCA-11F3-3F82-A187-53438809F681}.RelWithDebInfo|x64.Build.0 = RelWithDebInfo|x64
		{C2EAA3A6-BD00-43B4-B7C3-6FCB040F691F}.Debug|Itanium.ActiveCfg = Debug|Win32
		{C2EAA3A6-BD00-43B4-B7C3-6FCB040F691F}.Debug|Win32.ActiveCfg = Debug|Win32
		{C2EAA3A6-BD00-43B4-B7C3-6FCB040F691F}.Debug|Win32.Build.0 = Debug|Win32
		{C2EAA3A6-BD00-43B4-B7C3-6FCB040F691F}.Debug|x64.ActiveCfg = Debug|Win32
		{C2EAA3A6-BD00-43B4-B7C3-6FCB040F691F}.MinSizeRel|Itanium.ActiveCfg = Release|Win32
		{C2EAA3A6-BD00-43B4-B7C3-6FCB040F691F}.MinSizeRel|Itanium.Build.0 = Release|Win32
		{C2EAA3A6-BD00-43B4-B7C3-6FCB040F691F}.MinSizeRel|Win32.ActiveCfg = Release|Win32
		{C2EAA3A6-BD00-43B4-B7C3-6FCB040F691F}.MinSizeRel|Win32.Build.0 = Release|Win32
		{C2EAA3A6-BD00-43B4-B7C3-6FCB040F691F}.MinSizeRel|x64.ActiveCfg = Release|Win32
		{C2EAA3A6-BD00-43B4-B7C3-6FCB040F691F}.MinSizeRel|x64.Build.0 = Release|Win32
		{C2EAA3A6-BD00-43B4-B7C3-6FCB040F691F}.Release|Itanium.ActiveCfg = Release|Win32
		{C2EAA3A6-BD00-43B4-B7C3-6FCB040F691F}.Release|Win32.ActiveCfg = Release|Win32
		{C2EAA3A6-BD00-43B4-B7C3-6FCB040F691F}.Release|Win32.Build.0 = Release|Win32
		{C2EAA3A6-BD00-43B4-B7C3-6FCB040F691F}.Release|x64.ActiveCfg = Release|Win32
		{C2EAA3A6-BD00-43B4-B7C3-6FCB040F691F}.ReleaseWithoutAsm|Itanium.ActiveCfg = Release|Win32
		{C2EAA3A6-BD00-43B4-B7C3-6FCB040F691F}.ReleaseWithoutAsm|Itanium.Build.0 = Release|Win32
		{C2EAA3A6-BD00-43B4-B7C3-6FCB040F691F}.ReleaseWithoutAsm|Win32.ActiveCfg = Release|Win32
		{C2EAA3A6-BD00-43B4-B7C3-6FCB040F691F}.ReleaseWithoutAsm|Win32.Build.0 = Release|Win32
		{C2EAA3A6-BD00-43B4-B7C3-6FCB040F691F}.ReleaseWithoutAsm|x64.ActiveCfg = Release|Win32
		{C2EAA3A6-BD00-43B4-B7C3-6FCB040F691F}.ReleaseWithoutAsm|x64.Build.0 = Release|Win32
		{C2EAA3A6-BD00-43B4-B7C3-6FCB040F691F}.RelWithDebInfo|Itanium.ActiveCfg = Release|Win32
		{C2EAA3A6-BD00-43B4-B7C3-6FCB040F691F}.RelWithDebInfo|Itanium.Build.0 = Release|Win32
		{C2EAA3A6-BD00-43B4-B7C3-6FCB040F691F}.RelWithDebInfo|Win32.ActiveCfg = Release|Win32
		{C2EAA3A6-BD00-43B4-B7C3-6FCB040F691F}.RelWithDebInfo|Win32.Build.0 = Release|Win32
		{C2EAA3A6-BD00-43B4-B7C3-6FCB040F691F}.RelWithDebInfo|x64.ActiveCfg = Release|Win32
		{C2EAA3A6-BD00-43B4-B7C3-6FCB040F691F}.RelWithDebInfo|x64.Build.0 = Release|Win32
		{0DA1BE67-9168-3BE7-B89E-6AFF098D5BEB}.Debug|Itanium.ActiveCfg = Debug|Win32
		{0DA1BE67-9168-3BE7-B89E-6AFF098D5BEB}.Debug|Win32.ActiveCfg = Debug|Win32
		{0DA1BE67-9168-3BE7-B89E-6AFF098D5BEB}.Debug|Win32.Build.0 = Debug|Win32
		{0DA1BE67-9168-3BE7-B89E-6AFF098D5BEB}.Debug|x64.ActiveCfg = Debug|x64
		{0DA1BE67-9168-3BE7-B89E-6AFF098D5BEB}.Debug|x64.Build.0 = Debug|x64
		{0DA1BE67-9168-3BE7-B89E-6AFF098D5BEB}.MinSizeRel|Itanium.ActiveCfg = MinSizeRel|Win32
		{0DA1BE67-9168-3BE7-B89E-6AFF098D5BEB}.MinSizeRel|Win32.ActiveCfg = MinSizeRel|Win32
		{0DA1BE67-9168-3BE7-B89E-6AFF098D5BEB}.MinSizeRel|Win32.Build.0 = MinSizeRel|Win32
		{0DA1BE67-9168-3BE7-B89E-6AFF098D5BEB}.MinSizeRel|x64.ActiveCfg = MinSizeRel|x64
		{0DA1BE67-9168-3BE7-B89E-6AFF098D5BEB}.MinSizeRel|x64.Build.0 = MinSizeRel|x64
		{0DA1BE67-9168-3BE7-B89E-6AFF098D5BEB}.Release|Itanium.ActiveCfg = Release|Win32
		{0DA1BE67-9168-3BE7-B89E-6AFF098D5BEB}.Release|Win32.ActiveCfg = Release|Win32
		{0DA1BE67-9168-3BE7-B89E-6AFF098D5BEB}.Release|Win32.Build.0 = Release|Win32
		{0DA1BE67-9168-3BE7-B89E-6AFF098D5BEB}.Release|x64.ActiveCfg = Release|x64
		{0DA1BE67-9168-3BE7-B89E-6AFF098D5BEB}.Release|x64.Build.0 = Release|x64
		{0DA1BE67-9168-3BE7-B89E-6AFF098D5BEB}.ReleaseWithoutAsm|Itanium.ActiveCfg = MinSizeRel|x64
		{0DA1BE67-9168-3BE7-B89E-6AFF098D5BEB}.ReleaseWithoutAsm|Itanium.Build.0 = MinSizeRel|x64
		{0DA1BE67-9168-3BE7-B89E-6AFF098D5BEB}.ReleaseWithoutAsm|Win32.ActiveCfg = Release|Win32
		{0DA1BE67-9168-3BE7-B89E-6AFF098D5BEB}.ReleaseWithoutAsm|Win32.Build.0 = Release|Win32
		{0DA1BE67-9168-3BE7-B89E-6AFF098D5BEB}.ReleaseWithoutAsm|x64.ActiveCfg = Release|x64
		{0DA1BE67-9168-3BE7-B89E-6AFF098D5BEB}.ReleaseWithoutAsm|x64.Build.0 = Release|x64
		{0DA1BE67-9168-3BE7-B89E-6AFF098D5BEB}.RelWithDebInfo|Itanium.ActiveCfg = RelWithDebInfo|Win32
		{0DA1BE67-9168-3BE7-B89E-6AFF098D5BEB}.RelWithDebInfo|Win32.ActiveCfg = RelWithDebInfo|Win32
		{0DA1BE67-9168-3BE7-B89E-6AFF098D5BEB}.RelWithDebInfo|Win32.Build.0 = RelWithDebInfo|Win32
		{0DA1BE67-9168-3BE7-B89E-6AFF098D5BEB}.RelWithDebInfo|x64.ActiveCfg = RelWithDebInfo|x64
		{0DA1BE67-9168-3BE7-B89E-6AFF098D5BEB}.RelWithDebInfo|x64.Build.0 = RelWithDebInfo|x64
	EndGlobalSection
	GlobalSection(SolutionProperties) = preSolution
		HideSolutionNode = FALSE
	EndGlobalSection
	GlobalSection(ExtensibilityGlobals) = postSolution
		SolutionGuid = {AB0380D2-D108-40BD-B4A2-06005CA539B0}
	EndGlobalSection
EndGlobal
