
Microsoft Visual Studio Solution File, Format Version 12.00
# Visual Studio Version 16
VisualStudioVersion = 16.0
MinimumVisualStudioVersion = 10.0
Project("{8BC9CEB8-8B4A-11D0-8D11-00A0C91BC942}") = "foo_discogger", "foo_discogger.vcxproj", "{85FBFD09-0099-4FE9-9DB6-78DB6F60F817}"
	ProjectSection(ProjectDependencies) = postProject
		{0DA1BE67-9168-3BE7-B89E-6AFF098D5BEB} = {0DA1BE67-9168-3BE7-B89E-6AFF098D5BEB}
		{63132D6B-5228-38FE-804F-2FF4F5CD6967} = {63132D6B-5228-38FE-804F-2FF4F5CD6967}
	EndProjectSection
EndProject
Project("{8BC9CEB8-8B4A-11D0-8D11-00A0C91BC942}") = "foobar2000_SDK", "..\SDK\foobar2000_SDK.vcxproj", "{E8091321-D79D-4575-86EF-064EA1A4A20D}"
EndProject
Project("{8BC9CEB8-8B4A-11D0-8D11-00A0C91BC942}") = "pfc", "..\..\pfc\pfc.vcxproj", "{EBFFFB4E-261D-44D3-B89C-957B31A0BF9C}"
EndProject
Project("{8BC9CEB8-8B4A-11D0-8D11-00A0C91BC942}") = "foobar2000_sdk_helpers", "..\helpers\foobar2000_sdk_helpers.vcxproj", "{EE47764E-A202-4F85-A767-ABDAB4AFF35F}"
EndProject
Project("{8BC9CEB8-8B4A-11D0-8D11-00A0C91BC942}") = "foobar2000_component_client", "..\foobar2000_component_client\foobar2000_component_client.vcxproj", "{71AD2674-065B-48F5-B8B0-E1F9D3892081}"
EndProject
Project("{8BC9CEB8-8B4A-11D0-8D11-00A0C91BC942}") = "libPPUI", "..\..\libPPUI\libPPUI.vcxproj", "{7729EB82-4069-4414-964B-AD399091A03F}"
EndProject
Project("{8BC9CEB8-8B4A-11D0-8D11-00A0C91BC942}") = "jansson", "..\zoomorph libs\jansson-2.13.1\build\jansson.vcxproj", "{63132D6B-5228-38FE-804F-2FF4F5CD6967}"
EndProject
Project("{8BC9CEB8-8B4A-11D0-8D11-00A0C91BC942}") = "zlibstat", "..\zoomorph libs\zlib-1.2.11\contrib\vstudio\vc14\zlibstat.vcxproj", "{745DEC58-EBB3-47A9-A9B8-4C6627C01BF8}"
EndProject
Project("{8BC9CEB8-8B4A-11D0-8D11-00A0C91BC942}") = "oauthcpp", "..\zoomorph libs\oauth\liboauthcpp-master\build\oauthcpp.vcxproj", "{0DA1BE67-9168-3BE7-B89E-6AFF098D5BEB}"
EndProject
Global
	GlobalSection(SolutionConfigurationPlatforms) = preSolution
		Debug|Win32 = Debug|Win32
		Debug|x64 = Debug|x64
		Debug|x86 = Debug|x86
		MinSizeRel|Win32 = MinSizeRel|Win32
		MinSizeRel|x64 = MinSizeRel|x64
		MinSizeRel|x86 = MinSizeRel|x86
		Release|Win32 = Release|Win32
		Release|x64 = Release|x64
		Release|x86 = Release|x86
		ReleaseWithoutAsm|Win32 = ReleaseWithoutAsm|Win32
		ReleaseWithoutAsm|x64 = ReleaseWithoutAsm|x64
		ReleaseWithoutAsm|x86 = ReleaseWithoutAsm|x86
		RelWithDebInfo|Win32 = RelWithDebInfo|Win32
		RelWithDebInfo|x64 = RelWithDebInfo|x64
		RelWithDebInfo|x86 = RelWithDebInfo|x86
	EndGlobalSection
	GlobalSection(ProjectConfigurationPlatforms) = postSolution
		{85FBFD09-0099-4FE9-9DB6-78DB6F60F817}.Debug|Win32.ActiveCfg = Debug|Win32
		{85FBFD09-0099-4FE9-9DB6-78DB6F60F817}.Debug|Win32.Build.0 = Debug|Win32
		{85FBFD09-0099-4FE9-9DB6-78DB6F60F817}.Debug|x64.ActiveCfg = Debug|Win32
		{85FBFD09-0099-4FE9-9DB6-78DB6F60F817}.Debug|x86.ActiveCfg = Debug|Win32
		{85FBFD09-0099-4FE9-9DB6-78DB6F60F817}.Debug|x86.Build.0 = Debug|Win32
		{85FBFD09-0099-4FE9-9DB6-78DB6F60F817}.MinSizeRel|Win32.ActiveCfg = Release|Win32
		{85FBFD09-0099-4FE9-9DB6-78DB6F60F817}.MinSizeRel|Win32.Build.0 = Release|Win32
		{85FBFD09-0099-4FE9-9DB6-78DB6F60F817}.MinSizeRel|x64.ActiveCfg = Release|Win32
		{85FBFD09-0099-4FE9-9DB6-78DB6F60F817}.MinSizeRel|x64.Build.0 = Release|Win32
		{85FBFD09-0099-4FE9-9DB6-78DB6F60F817}.MinSizeRel|x86.ActiveCfg = Release|Win32
		{85FBFD09-0099-4FE9-9DB6-78DB6F60F817}.MinSizeRel|x86.Build.0 = Release|Win32
		{85FBFD09-0099-4FE9-9DB6-78DB6F60F817}.Release|Win32.ActiveCfg = Release|Win32
		{85FBFD09-0099-4FE9-9DB6-78DB6F60F817}.Release|Win32.Build.0 = Release|Win32
		{85FBFD09-0099-4FE9-9DB6-78DB6F60F817}.Release|x64.ActiveCfg = Release|Win32
		{85FBFD09-0099-4FE9-9DB6-78DB6F60F817}.Release|x86.ActiveCfg = Release|Win32
		{85FBFD09-0099-4FE9-9DB6-78DB6F60F817}.Release|x86.Build.0 = Release|Win32
		{85FBFD09-0099-4FE9-9DB6-78DB6F60F817}.ReleaseWithoutAsm|Win32.ActiveCfg = Release|Win32
		{85FBFD09-0099-4FE9-9DB6-78DB6F60F817}.ReleaseWithoutAsm|Win32.Build.0 = Release|Win32
		{85FBFD09-0099-4FE9-9DB6-78DB6F60F817}.ReleaseWithoutAsm|x64.ActiveCfg = Release|Win32
		{85FBFD09-0099-4FE9-9DB6-78DB6F60F817}.ReleaseWithoutAsm|x64.Build.0 = Release|Win32
		{85FBFD09-0099-4FE9-9DB6-78DB6F60F817}.ReleaseWithoutAsm|x86.ActiveCfg = Release|Win32
		{85FBFD09-0099-4FE9-9DB6-78DB6F60F817}.ReleaseWithoutAsm|x86.Build.0 = Release|Win32
		{85FBFD09-0099-4FE9-9DB6-78DB6F60F817}.RelWithDebInfo|Win32.ActiveCfg = Release|Win32
		{85FBFD09-0099-4FE9-9DB6-78DB6F60F817}.RelWithDebInfo|Win32.Build.0 = Release|Win32
		{85FBFD09-0099-4FE9-9DB6-78DB6F60F817}.RelWithDebInfo|x64.ActiveCfg = Release|Win32
		{85FBFD09-0099-4FE9-9DB6-78DB6F60F817}.RelWithDebInfo|x64.Build.0 = Release|Win32
		{85FBFD09-0099-4FE9-9DB6-78DB6F60F817}.RelWithDebInfo|x86.ActiveCfg = Release|Win32
		{85FBFD09-0099-4FE9-9DB6-78DB6F60F817}.RelWithDebInfo|x86.Build.0 = Release|Win32
		{E8091321-D79D-4575-86EF-064EA1A4A20D}.Debug|Win32.ActiveCfg = Debug|Win32
		{E8091321-D79D-4575-86EF-064EA1A4A20D}.Debug|Win32.Build.0 = Debug|Win32
		{E8091321-D79D-4575-86EF-064EA1A4A20D}.Debug|x64.ActiveCfg = Debug|Win32
		{E8091321-D79D-4575-86EF-064EA1A4A20D}.Debug|x86.ActiveCfg = Debug|Win32
		{E8091321-D79D-4575-86EF-064EA1A4A20D}.Debug|x86.Build.0 = Debug|Win32
		{E8091321-D79D-4575-86EF-064EA1A4A20D}.MinSizeRel|Win32.ActiveCfg = Release|Win32
		{E8091321-D79D-4575-86EF-064EA1A4A20D}.MinSizeRel|Win32.Build.0 = Release|Win32
		{E8091321-D79D-4575-86EF-064EA1A4A20D}.MinSizeRel|x64.ActiveCfg = Release|Win32
		{E8091321-D79D-4575-86EF-064EA1A4A20D}.MinSizeRel|x64.Build.0 = Release|Win32
		{E8091321-D79D-4575-86EF-064EA1A4A20D}.MinSizeRel|x86.ActiveCfg = Release|Win32
		{E8091321-D79D-4575-86EF-064EA1A4A20D}.MinSizeRel|x86.Build.0 = Release|Win32
		{E8091321-D79D-4575-86EF-064EA1A4A20D}.Release|Win32.ActiveCfg = Release|Win32
		{E8091321-D79D-4575-86EF-064EA1A4A20D}.Release|Win32.Build.0 = Release|Win32
		{E8091321-D79D-4575-86EF-064EA1A4A20D}.Release|x64.ActiveCfg = Release|Win32
		{E8091321-D79D-4575-86EF-064EA1A4A20D}.Release|x86.ActiveCfg = Release|Win32
		{E8091321-D79D-4575-86EF-064EA1A4A20D}.Release|x86.Build.0 = Release|Win32
		{E8091321-D79D-4575-86EF-064EA1A4A20D}.ReleaseWithoutAsm|Win32.ActiveCfg = Release|Win32
		{E8091321-D79D-4575-86EF-064EA1A4A20D}.ReleaseWithoutAsm|Win32.Build.0 = Release|Win32
		{E8091321-D79D-4575-86EF-064EA1A4A20D}.ReleaseWithoutAsm|x64.ActiveCfg = Release|Win32
		{E8091321-D79D-4575-86EF-064EA1A4A20D}.ReleaseWithoutAsm|x64.Build.0 = Release|Win32
		{E8091321-D79D-4575-86EF-064EA1A4A20D}.ReleaseWithoutAsm|x86.ActiveCfg = Release|Win32
		{E8091321-D79D-4575-86EF-064EA1A4A20D}.ReleaseWithoutAsm|x86.Build.0 = Release|Win32
		{E8091321-D79D-4575-86EF-064EA1A4A20D}.RelWithDebInfo|Win32.ActiveCfg = Release|Win32
		{E8091321-D79D-4575-86EF-064EA1A4A20D}.RelWithDebInfo|Win32.Build.0 = Release|Win32
		{E8091321-D79D-4575-86EF-064EA1A4A20D}.RelWithDebInfo|x64.ActiveCfg = Release|Win32
		{E8091321-D79D-4575-86EF-064EA1A4A20D}.RelWithDebInfo|x64.Build.0 = Release|Win32
		{E8091321-D79D-4575-86EF-064EA1A4A20D}.RelWithDebInfo|x86.ActiveCfg = Release|Win32
		{E8091321-D79D-4575-86EF-064EA1A4A20D}.RelWithDebInfo|x86.Build.0 = Release|Win32
		{EBFFFB4E-261D-44D3-B89C-957B31A0BF9C}.Debug|Win32.ActiveCfg = Debug|Win32
		{EBFFFB4E-261D-44D3-B89C-957B31A0BF9C}.Debug|Win32.Build.0 = Debug|Win32
		{EBFFFB4E-261D-44D3-B89C-957B31A0BF9C}.Debug|x64.ActiveCfg = Debug|x64
		{EBFFFB4E-261D-44D3-B89C-957B31A0BF9C}.Debug|x64.Build.0 = Debug|x64
		{EBFFFB4E-261D-44D3-B89C-957B31A0BF9C}.Debug|x86.ActiveCfg = Debug|Win32
		{EBFFFB4E-261D-44D3-B89C-957B31A0BF9C}.Debug|x86.Build.0 = Debug|Win32
		{EBFFFB4E-261D-44D3-B89C-957B31A0BF9C}.MinSizeRel|Win32.ActiveCfg = Debug FB2K|Win32
		{EBFFFB4E-261D-44D3-B89C-957B31A0BF9C}.MinSizeRel|Win32.Build.0 = Debug FB2K|Win32
		{EBFFFB4E-261D-44D3-B89C-957B31A0BF9C}.MinSizeRel|x64.ActiveCfg = Debug|x64
		{EBFFFB4E-261D-44D3-B89C-957B31A0BF9C}.MinSizeRel|x64.Build.0 = Debug|x64
		{EBFFFB4E-261D-44D3-B89C-957B31A0BF9C}.MinSizeRel|x86.ActiveCfg = Release|Win32
		{EBFFFB4E-261D-44D3-B89C-957B31A0BF9C}.MinSizeRel|x86.Build.0 = Release|Win32
		{EBFFFB4E-261D-44D3-B89C-957B31A0BF9C}.Release|Win32.ActiveCfg = Release|Win32
		{EBFFFB4E-261D-44D3-B89C-957B31A0BF9C}.Release|Win32.Build.0 = Release|Win32
		{EBFFFB4E-261D-44D3-B89C-957B31A0BF9C}.Release|x64.ActiveCfg = Release|x64
		{EBFFFB4E-261D-44D3-B89C-957B31A0BF9C}.Release|x64.Build.0 = Release|x64
		{EBFFFB4E-261D-44D3-B89C-957B31A0BF9C}.Release|x86.ActiveCfg = Release|Win32
		{EBFFFB4E-261D-44D3-B89C-957B31A0BF9C}.Release|x86.Build.0 = Release|Win32
		{EBFFFB4E-261D-44D3-B89C-957B31A0BF9C}.ReleaseWithoutAsm|Win32.ActiveCfg = Release FB2K|Win32
		{EBFFFB4E-261D-44D3-B89C-957B31A0BF9C}.ReleaseWithoutAsm|Win32.Build.0 = Release FB2K|Win32
		{EBFFFB4E-261D-44D3-B89C-957B31A0BF9C}.ReleaseWithoutAsm|x64.ActiveCfg = Release FB2K|x64
		{EBFFFB4E-261D-44D3-B89C-957B31A0BF9C}.ReleaseWithoutAsm|x64.Build.0 = Release FB2K|x64
		{EBFFFB4E-261D-44D3-B89C-957B31A0BF9C}.ReleaseWithoutAsm|x86.ActiveCfg = Release|Win32
		{EBFFFB4E-261D-44D3-B89C-957B31A0BF9C}.ReleaseWithoutAsm|x86.Build.0 = Release|Win32
		{EBFFFB4E-261D-44D3-B89C-957B31A0BF9C}.RelWithDebInfo|Win32.ActiveCfg = Release FB2K|Win32
		{EBFFFB4E-261D-44D3-B89C-957B31A0BF9C}.RelWithDebInfo|Win32.Build.0 = Release FB2K|Win32
		{EBFFFB4E-261D-44D3-B89C-957B31A0BF9C}.RelWithDebInfo|x64.ActiveCfg = Release FB2K|x64
		{EBFFFB4E-261D-44D3-B89C-957B31A0BF9C}.RelWithDebInfo|x64.Build.0 = Release FB2K|x64
		{EBFFFB4E-261D-44D3-B89C-957B31A0BF9C}.RelWithDebInfo|x86.ActiveCfg = Release|Win32
		{EBFFFB4E-261D-44D3-B89C-957B31A0BF9C}.RelWithDebInfo|x86.Build.0 = Release|Win32
		{EE47764E-A202-4F85-A767-ABDAB4AFF35F}.Debug|Win32.ActiveCfg = Debug|Win32
		{EE47764E-A202-4F85-A767-ABDAB4AFF35F}.Debug|Win32.Build.0 = Debug|Win32
		{EE47764E-A202-4F85-A767-ABDAB4AFF35F}.Debug|x64.ActiveCfg = Debug|Win32
		{EE47764E-A202-4F85-A767-ABDAB4AFF35F}.Debug|x86.ActiveCfg = Debug|Win32
		{EE47764E-A202-4F85-A767-ABDAB4AFF35F}.Debug|x86.Build.0 = Debug|Win32
		{EE47764E-A202-4F85-A767-ABDAB4AFF35F}.MinSizeRel|Win32.ActiveCfg = Release|Win32
		{EE47764E-A202-4F85-A767-ABDAB4AFF35F}.MinSizeRel|Win32.Build.0 = Release|Win32
		{EE47764E-A202-4F85-A767-ABDAB4AFF35F}.MinSizeRel|x64.ActiveCfg = Release|Win32
		{EE47764E-A202-4F85-A767-ABDAB4AFF35F}.MinSizeRel|x64.Build.0 = Release|Win32
		{EE47764E-A202-4F85-A767-ABDAB4AFF35F}.MinSizeRel|x86.ActiveCfg = Release|Win32
		{EE47764E-A202-4F85-A767-ABDAB4AFF35F}.MinSizeRel|x86.Build.0 = Release|Win32
		{EE47764E-A202-4F85-A767-ABDAB4AFF35F}.Release|Win32.ActiveCfg = Release|Win32
		{EE47764E-A202-4F85-A767-ABDAB4AFF35F}.Release|Win32.Build.0 = Release|Win32
		{EE47764E-A202-4F85-A767-ABDAB4AFF35F}.Release|x64.ActiveCfg = Release|Win32
		{EE47764E-A202-4F85-A767-ABDAB4AFF35F}.Release|x86.ActiveCfg = Release|Win32
		{EE47764E-A202-4F85-A767-ABDAB4AFF35F}.Release|x86.Build.0 = Release|Win32
		{EE47764E-A202-4F85-A767-ABDAB4AFF35F}.ReleaseWithoutAsm|Win32.ActiveCfg = Release|Win32
		{EE47764E-A202-4F85-A767-ABDAB4AFF35F}.ReleaseWithoutAsm|Win32.Build.0 = Release|Win32
		{EE47764E-A202-4F85-A767-ABDAB4AFF35F}.ReleaseWithoutAsm|x64.ActiveCfg = Release|Win32
		{EE47764E-A202-4F85-A767-ABDAB4AFF35F}.ReleaseWithoutAsm|x64.Build.0 = Release|Win32
		{EE47764E-A202-4F85-A767-ABDAB4AFF35F}.ReleaseWithoutAsm|x86.ActiveCfg = Release|Win32
		{EE47764E-A202-4F85-A767-ABDAB4AFF35F}.ReleaseWithoutAsm|x86.Build.0 = Release|Win32
		{EE47764E-A202-4F85-A767-ABDAB4AFF35F}.RelWithDebInfo|Win32.ActiveCfg = Release|Win32
		{EE47764E-A202-4F85-A767-ABDAB4AFF35F}.RelWithDebInfo|Win32.Build.0 = Release|Win32
		{EE47764E-A202-4F85-A767-ABDAB4AFF35F}.RelWithDebInfo|x64.ActiveCfg = Release|Win32
		{EE47764E-A202-4F85-A767-ABDAB4AFF35F}.RelWithDebInfo|x64.Build.0 = Release|Win32
		{EE47764E-A202-4F85-A767-ABDAB4AFF35F}.RelWithDebInfo|x86.ActiveCfg = Release|Win32
		{EE47764E-A202-4F85-A767-ABDAB4AFF35F}.RelWithDebInfo|x86.Build.0 = Release|Win32
		{71AD2674-065B-48F5-B8B0-E1F9D3892081}.Debug|Win32.ActiveCfg = Debug|Win32
		{71AD2674-065B-48F5-B8B0-E1F9D3892081}.Debug|Win32.Build.0 = Debug|Win32
		{71AD2674-065B-48F5-B8B0-E1F9D3892081}.Debug|x64.ActiveCfg = Debug|Win32
		{71AD2674-065B-48F5-B8B0-E1F9D3892081}.Debug|x86.ActiveCfg = Debug|Win32
		{71AD2674-065B-48F5-B8B0-E1F9D3892081}.Debug|x86.Build.0 = Debug|Win32
		{71AD2674-065B-48F5-B8B0-E1F9D3892081}.MinSizeRel|Win32.ActiveCfg = Release|Win32
		{71AD2674-065B-48F5-B8B0-E1F9D3892081}.MinSizeRel|Win32.Build.0 = Release|Win32
		{71AD2674-065B-48F5-B8B0-E1F9D3892081}.MinSizeRel|x64.ActiveCfg = Release|Win32
		{71AD2674-065B-48F5-B8B0-E1F9D3892081}.MinSizeRel|x64.Build.0 = Release|Win32
		{71AD2674-065B-48F5-B8B0-E1F9D3892081}.MinSizeRel|x86.ActiveCfg = Release|Win32
		{71AD2674-065B-48F5-B8B0-E1F9D3892081}.MinSizeRel|x86.Build.0 = Release|Win32
		{71AD2674-065B-48F5-B8B0-E1F9D3892081}.Release|Win32.ActiveCfg = Release|Win32
		{71AD2674-065B-48F5-B8B0-E1F9D3892081}.Release|Win32.Build.0 = Release|Win32
		{71AD2674-065B-48F5-B8B0-E1F9D3892081}.Release|x64.ActiveCfg = Release|Win32
		{71AD2674-065B-48F5-B8B0-E1F9D3892081}.Release|x86.ActiveCfg = Release|Win32
		{71AD2674-065B-48F5-B8B0-E1F9D3892081}.Release|x86.Build.0 = Release|Win32
		{71AD2674-065B-48F5-B8B0-E1F9D3892081}.ReleaseWithoutAsm|Win32.ActiveCfg = Release|Win32
		{71AD2674-065B-48F5-B8B0-E1F9D3892081}.ReleaseWithoutAsm|Win32.Build.0 = Release|Win32
		{71AD2674-065B-48F5-B8B0-E1F9D3892081}.ReleaseWithoutAsm|x64.ActiveCfg = Release|Win32
		{71AD2674-065B-48F5-B8B0-E1F9D3892081}.ReleaseWithoutAsm|x64.Build.0 = Release|Win32
		{71AD2674-065B-48F5-B8B0-E1F9D3892081}.ReleaseWithoutAsm|x86.ActiveCfg = Release|Win32
		{71AD2674-065B-48F5-B8B0-E1F9D3892081}.ReleaseWithoutAsm|x86.Build.0 = Release|Win32
		{71AD2674-065B-48F5-B8B0-E1F9D3892081}.RelWithDebInfo|Win32.ActiveCfg = Release|Win32
		{71AD2674-065B-48F5-B8B0-E1F9D3892081}.RelWithDebInfo|Win32.Build.0 = Release|Win32
		{71AD2674-065B-48F5-B8B0-E1F9D3892081}.RelWithDebInfo|x64.ActiveCfg = Release|Win32
		{71AD2674-065B-48F5-B8B0-E1F9D3892081}.RelWithDebInfo|x64.Build.0 = Release|Win32
		{71AD2674-065B-48F5-B8B0-E1F9D3892081}.RelWithDebInfo|x86.ActiveCfg = Release|Win32
		{71AD2674-065B-48F5-B8B0-E1F9D3892081}.RelWithDebInfo|x86.Build.0 = Release|Win32
		{7729EB82-4069-4414-964B-AD399091A03F}.Debug|Win32.ActiveCfg = Debug|Win32
		{7729EB82-4069-4414-964B-AD399091A03F}.Debug|Win32.Build.0 = Debug|Win32
		{7729EB82-4069-4414-964B-AD399091A03F}.Debug|x64.ActiveCfg = Debug|x64
		{7729EB82-4069-4414-964B-AD399091A03F}.Debug|x64.Build.0 = Debug|x64
		{7729EB82-4069-4414-964B-AD399091A03F}.Debug|x86.ActiveCfg = Debug|Win32
		{7729EB82-4069-4414-964B-AD399091A03F}.Debug|x86.Build.0 = Debug|Win32
		{7729EB82-4069-4414-964B-AD399091A03F}.MinSizeRel|Win32.ActiveCfg = Release|Win32
		{7729EB82-4069-4414-964B-AD399091A03F}.MinSizeRel|Win32.Build.0 = Release|Win32
		{7729EB82-4069-4414-964B-AD399091A03F}.MinSizeRel|x64.ActiveCfg = Debug|x64
		{7729EB82-4069-4414-964B-AD399091A03F}.MinSizeRel|x64.Build.0 = Debug|x64
		{7729EB82-4069-4414-964B-AD399091A03F}.MinSizeRel|x86.ActiveCfg = Release|Win32
		{7729EB82-4069-4414-964B-AD399091A03F}.MinSizeRel|x86.Build.0 = Release|Win32
		{7729EB82-4069-4414-964B-AD399091A03F}.Release|Win32.ActiveCfg = Release|Win32
		{7729EB82-4069-4414-964B-AD399091A03F}.Release|Win32.Build.0 = Release|Win32
		{7729EB82-4069-4414-964B-AD399091A03F}.Release|x64.ActiveCfg = Release|x64
		{7729EB82-4069-4414-964B-AD399091A03F}.Release|x64.Build.0 = Release|x64
		{7729EB82-4069-4414-964B-AD399091A03F}.Release|x86.ActiveCfg = Release|Win32
		{7729EB82-4069-4414-964B-AD399091A03F}.Release|x86.Build.0 = Release|Win32
		{7729EB82-4069-4414-964B-AD399091A03F}.ReleaseWithoutAsm|Win32.ActiveCfg = Release|Win32
		{7729EB82-4069-4414-964B-AD399091A03F}.ReleaseWithoutAsm|Win32.Build.0 = Release|Win32
		{7729EB82-4069-4414-964B-AD399091A03F}.ReleaseWithoutAsm|x64.ActiveCfg = Release|x64
		{7729EB82-4069-4414-964B-AD399091A03F}.ReleaseWithoutAsm|x64.Build.0 = Release|x64
		{7729EB82-4069-4414-964B-AD399091A03F}.ReleaseWithoutAsm|x86.ActiveCfg = Release|Win32
		{7729EB82-4069-4414-964B-AD399091A03F}.ReleaseWithoutAsm|x86.Build.0 = Release|Win32
		{7729EB82-4069-4414-964B-AD399091A03F}.RelWithDebInfo|Win32.ActiveCfg = Release|Win32
		{7729EB82-4069-4414-964B-AD399091A03F}.RelWithDebInfo|Win32.Build.0 = Release|Win32
		{7729EB82-4069-4414-964B-AD399091A03F}.RelWithDebInfo|x64.ActiveCfg = Release|x64
		{7729EB82-4069-4414-964B-AD399091A03F}.RelWithDebInfo|x64.Build.0 = Release|x64
		{7729EB82-4069-4414-964B-AD399091A03F}.RelWithDebInfo|x86.ActiveCfg = Release|Win32
		{7729EB82-4069-4414-964B-AD399091A03F}.RelWithDebInfo|x86.Build.0 = Release|Win32
		{63132D6B-5228-38FE-804F-2FF4F5CD6967}.Debug|Win32.ActiveCfg = Debug|win32
		{63132D6B-5228-38FE-804F-2FF4F5CD6967}.Debug|Win32.Build.0 = Debug|win32
		{63132D6B-5228-38FE-804F-2FF4F5CD6967}.Debug|x64.ActiveCfg = Debug|win32
		{63132D6B-5228-38FE-804F-2FF4F5CD6967}.Debug|x86.ActiveCfg = Debug|win32
		{63132D6B-5228-38FE-804F-2FF4F5CD6967}.Debug|x86.Build.0 = Debug|win32
		{63132D6B-5228-38FE-804F-2FF4F5CD6967}.MinSizeRel|Win32.ActiveCfg = MinSizeRel|win32
		{63132D6B-5228-38FE-804F-2FF4F5CD6967}.MinSizeRel|Win32.Build.0 = MinSizeRel|win32
		{63132D6B-5228-38FE-804F-2FF4F5CD6967}.MinSizeRel|x64.ActiveCfg = MinSizeRel|win32
		{63132D6B-5228-38FE-804F-2FF4F5CD6967}.MinSizeRel|x86.ActiveCfg = MinSizeRel|win32
		{63132D6B-5228-38FE-804F-2FF4F5CD6967}.MinSizeRel|x86.Build.0 = MinSizeRel|win32
		{63132D6B-5228-38FE-804F-2FF4F5CD6967}.Release|Win32.ActiveCfg = Release|win32
		{63132D6B-5228-38FE-804F-2FF4F5CD6967}.Release|Win32.Build.0 = Release|win32
		{63132D6B-5228-38FE-804F-2FF4F5CD6967}.Release|x64.ActiveCfg = Release|win32
		{63132D6B-5228-38FE-804F-2FF4F5CD6967}.Release|x86.ActiveCfg = Release|win32
		{63132D6B-5228-38FE-804F-2FF4F5CD6967}.Release|x86.Build.0 = Release|win32
		{63132D6B-5228-38FE-804F-2FF4F5CD6967}.ReleaseWithoutAsm|Win32.ActiveCfg = Release|win32
		{63132D6B-5228-38FE-804F-2FF4F5CD6967}.ReleaseWithoutAsm|Win32.Build.0 = Release|win32
		{63132D6B-5228-38FE-804F-2FF4F5CD6967}.ReleaseWithoutAsm|x64.ActiveCfg = RelWithDebInfo|win32
		{63132D6B-5228-38FE-804F-2FF4F5CD6967}.ReleaseWithoutAsm|x64.Build.0 = RelWithDebInfo|win32
		{63132D6B-5228-38FE-804F-2FF4F5CD6967}.ReleaseWithoutAsm|x86.ActiveCfg = Release|win32
		{63132D6B-5228-38FE-804F-2FF4F5CD6967}.ReleaseWithoutAsm|x86.Build.0 = Release|win32
		{63132D6B-5228-38FE-804F-2FF4F5CD6967}.RelWithDebInfo|Win32.ActiveCfg = RelWithDebInfo|win32
		{63132D6B-5228-38FE-804F-2FF4F5CD6967}.RelWithDebInfo|Win32.Build.0 = RelWithDebInfo|win32
		{63132D6B-5228-38FE-804F-2FF4F5CD6967}.RelWithDebInfo|x64.ActiveCfg = RelWithDebInfo|win32
		{63132D6B-5228-38FE-804F-2FF4F5CD6967}.RelWithDebInfo|x86.ActiveCfg = RelWithDebInfo|win32
		{63132D6B-5228-38FE-804F-2FF4F5CD6967}.RelWithDebInfo|x86.Build.0 = RelWithDebInfo|win32
		{745DEC58-EBB3-47A9-A9B8-4C6627C01BF8}.Debug|Win32.ActiveCfg = Debug|Win32
		{745DEC58-EBB3-47A9-A9B8-4C6627C01BF8}.Debug|Win32.Build.0 = Debug|Win32
		{745DEC58-EBB3-47A9-A9B8-4C6627C01BF8}.Debug|x64.ActiveCfg = Debug|x64
		{745DEC58-EBB3-47A9-A9B8-4C6627C01BF8}.Debug|x64.Build.0 = Debug|x64
		{745DEC58-EBB3-47A9-A9B8-4C6627C01BF8}.Debug|x86.ActiveCfg = Debug|Win32
		{745DEC58-EBB3-47A9-A9B8-4C6627C01BF8}.Debug|x86.Build.0 = Debug|Win32
		{745DEC58-EBB3-47A9-A9B8-4C6627C01BF8}.MinSizeRel|Win32.ActiveCfg = ReleaseWithoutAsm|Win32
		{745DEC58-EBB3-47A9-A9B8-4C6627C01BF8}.MinSizeRel|Win32.Build.0 = ReleaseWithoutAsm|Win32
		{745DEC58-EBB3-47A9-A9B8-4C6627C01BF8}.MinSizeRel|x64.ActiveCfg = Debug|x64
		{745DEC58-EBB3-47A9-A9B8-4C6627C01BF8}.MinSizeRel|x64.Build.0 = Debug|x64
		{745DEC58-EBB3-47A9-A9B8-4C6627C01BF8}.MinSizeRel|x86.ActiveCfg = Release|Win32
		{745DEC58-EBB3-47A9-A9B8-4C6627C01BF8}.MinSizeRel|x86.Build.0 = Release|Win32
		{745DEC58-EBB3-47A9-A9B8-4C6627C01BF8}.Release|Win32.ActiveCfg = Release|Win32
		{745DEC58-EBB3-47A9-A9B8-4C6627C01BF8}.Release|Win32.Build.0 = Release|Win32
		{745DEC58-EBB3-47A9-A9B8-4C6627C01BF8}.Release|x64.ActiveCfg = Release|x64
		{745DEC58-EBB3-47A9-A9B8-4C6627C01BF8}.Release|x64.Build.0 = Release|x64
		{745DEC58-EBB3-47A9-A9B8-4C6627C01BF8}.Release|x86.ActiveCfg = Release|Win32
		{745DEC58-EBB3-47A9-A9B8-4C6627C01BF8}.Release|x86.Build.0 = Release|Win32
		{745DEC58-EBB3-47A9-A9B8-4C6627C01BF8}.ReleaseWithoutAsm|Win32.ActiveCfg = ReleaseWithoutAsm|Win32
		{745DEC58-EBB3-47A9-A9B8-4C6627C01BF8}.ReleaseWithoutAsm|Win32.Build.0 = ReleaseWithoutAsm|Win32
		{745DEC58-EBB3-47A9-A9B8-4C6627C01BF8}.ReleaseWithoutAsm|x64.ActiveCfg = ReleaseWithoutAsm|x64
		{745DEC58-EBB3-47A9-A9B8-4C6627C01BF8}.ReleaseWithoutAsm|x64.Build.0 = ReleaseWithoutAsm|x64
		{745DEC58-EBB3-47A9-A9B8-4C6627C01BF8}.ReleaseWithoutAsm|x86.ActiveCfg = ReleaseWithoutAsm|Win32
		{745DEC58-EBB3-47A9-A9B8-4C6627C01BF8}.ReleaseWithoutAsm|x86.Build.0 = ReleaseWithoutAsm|Win32
		{745DEC58-EBB3-47A9-A9B8-4C6627C01BF8}.RelWithDebInfo|Win32.ActiveCfg = ReleaseWithoutAsm|Win32
		{745DEC58-EBB3-47A9-A9B8-4C6627C01BF8}.RelWithDebInfo|Win32.Build.0 = ReleaseWithoutAsm|Win32
		{745DEC58-EBB3-47A9-A9B8-4C6627C01BF8}.RelWithDebInfo|x64.ActiveCfg = ReleaseWithoutAsm|x64
		{745DEC58-EBB3-47A9-A9B8-4C6627C01BF8}.RelWithDebInfo|x64.Build.0 = ReleaseWithoutAsm|x64
		{745DEC58-EBB3-47A9-A9B8-4C6627C01BF8}.RelWithDebInfo|x86.ActiveCfg = Release|Win32
		{745DEC58-EBB3-47A9-A9B8-4C6627C01BF8}.RelWithDebInfo|x86.Build.0 = Release|Win32
		{0DA1BE67-9168-3BE7-B89E-6AFF098D5BEB}.Debug|Win32.ActiveCfg = Debug|Win32
		{0DA1BE67-9168-3BE7-B89E-6AFF098D5BEB}.Debug|Win32.Build.0 = Debug|Win32
		{0DA1BE67-9168-3BE7-B89E-6AFF098D5BEB}.Debug|x64.ActiveCfg = Debug|x64
		{0DA1BE67-9168-3BE7-B89E-6AFF098D5BEB}.Debug|x64.Build.0 = Debug|x64
		{0DA1BE67-9168-3BE7-B89E-6AFF098D5BEB}.Debug|x86.ActiveCfg = Debug|Win32
		{0DA1BE67-9168-3BE7-B89E-6AFF098D5BEB}.Debug|x86.Build.0 = Debug|Win32
		{0DA1BE67-9168-3BE7-B89E-6AFF098D5BEB}.MinSizeRel|Win32.ActiveCfg = MinSizeRel|Win32
		{0DA1BE67-9168-3BE7-B89E-6AFF098D5BEB}.MinSizeRel|Win32.Build.0 = MinSizeRel|Win32
		{0DA1BE67-9168-3BE7-B89E-6AFF098D5BEB}.MinSizeRel|x64.ActiveCfg = MinSizeRel|x64
		{0DA1BE67-9168-3BE7-B89E-6AFF098D5BEB}.MinSizeRel|x64.Build.0 = MinSizeRel|x64
		{0DA1BE67-9168-3BE7-B89E-6AFF098D5BEB}.MinSizeRel|x86.ActiveCfg = MinSizeRel|Win32
		{0DA1BE67-9168-3BE7-B89E-6AFF098D5BEB}.MinSizeRel|x86.Build.0 = MinSizeRel|Win32
		{0DA1BE67-9168-3BE7-B89E-6AFF098D5BEB}.Release|Win32.ActiveCfg = Release|Win32
		{0DA1BE67-9168-3BE7-B89E-6AFF098D5BEB}.Release|Win32.Build.0 = Release|Win32
		{0DA1BE67-9168-3BE7-B89E-6AFF098D5BEB}.Release|x64.ActiveCfg = Release|x64
		{0DA1BE67-9168-3BE7-B89E-6AFF098D5BEB}.Release|x64.Build.0 = Release|x64
		{0DA1BE67-9168-3BE7-B89E-6AFF098D5BEB}.Release|x86.ActiveCfg = Release|Win32
		{0DA1BE67-9168-3BE7-B89E-6AFF098D5BEB}.Release|x86.Build.0 = Release|Win32
		{0DA1BE67-9168-3BE7-B89E-6AFF098D5BEB}.ReleaseWithoutAsm|Win32.ActiveCfg = Release|Win32
		{0DA1BE67-9168-3BE7-B89E-6AFF098D5BEB}.ReleaseWithoutAsm|Win32.Build.0 = Release|Win32
		{0DA1BE67-9168-3BE7-B89E-6AFF098D5BEB}.ReleaseWithoutAsm|x64.ActiveCfg = Release|x64
		{0DA1BE67-9168-3BE7-B89E-6AFF098D5BEB}.ReleaseWithoutAsm|x64.Build.0 = Release|x64
		{0DA1BE67-9168-3BE7-B89E-6AFF098D5BEB}.ReleaseWithoutAsm|x86.ActiveCfg = Release|Win32
		{0DA1BE67-9168-3BE7-B89E-6AFF098D5BEB}.ReleaseWithoutAsm|x86.Build.0 = Release|Win32
		{0DA1BE67-9168-3BE7-B89E-6AFF098D5BEB}.RelWithDebInfo|Win32.ActiveCfg = RelWithDebInfo|Win32
		{0DA1BE67-9168-3BE7-B89E-6AFF098D5BEB}.RelWithDebInfo|Win32.Build.0 = RelWithDebInfo|Win32
		{0DA1BE67-9168-3BE7-B89E-6AFF098D5BEB}.RelWithDebInfo|x64.ActiveCfg = RelWithDebInfo|x64
		{0DA1BE67-9168-3BE7-B89E-6AFF098D5BEB}.RelWithDebInfo|x64.Build.0 = RelWithDebInfo|x64
		{0DA1BE67-9168-3BE7-B89E-6AFF098D5BEB}.RelWithDebInfo|x86.ActiveCfg = RelWithDebInfo|Win32
		{0DA1BE67-9168-3BE7-B89E-6AFF098D5BEB}.RelWithDebInfo|x86.Build.0 = RelWithDebInfo|Win32
	EndGlobalSection
	GlobalSection(SolutionProperties) = preSolution
		HideSolutionNode = FALSE
	EndGlobalSection
	GlobalSection(ExtensibilityGlobals) = postSolution
		SolutionGuid = {C30C2B27-E29B-4792-B392-ED729AF2CF49}
	EndGlobalSection
EndGlobal
