<?xml version="1.0" encoding="utf-8"?>
<Project ToolsVersion="4.0" xmlns="http://schemas.microsoft.com/developer/msbuild/2003">
  <ItemGroup>
    <Filter Include="Source Files">
      <UniqueIdentifier>{4FC737F1-C7A5-4376-A066-2A32D752A2FF}</UniqueIdentifier>
      <Extensions>cpp;c;cc;cxx;def;odl;idl;hpj;bat;asm;asmx</Extensions>
    </Filter>
    <Filter Include="Resource Files">
      <UniqueIdentifier>{67DA6AB6-F800-4c08-8B7A-83BB121AAD01}</UniqueIdentifier>
      <Extensions>rc;ico;cur;bmp;dlg;rc2;rct;bin;rgs;gif;jpg;jpeg;jpe;resx;tiff;tif;png;wav</Extensions>
    </Filter>
    <Filter Include="Header Files">
      <UniqueIdentifier>{93995380-89BD-4b04-88EB-625FBE52EBFB}</UniqueIdentifier>
      <Extensions>h;hpp;hxx;hm;inl;inc;xsd</Extensions>
    </Filter>
  </ItemGroup>
  <ItemGroup>
    <ClCompile Include="configuration_dialog.cpp">
      <Filter>Source Files</Filter>
    </ClCompile>
    <ClCompile Include="find_release_dialog.cpp">
      <Filter>Source Files</Filter>
    </ClCompile>
    <ClCompile Include="foo_discogs.cpp">
      <Filter>Source Files</Filter>
    </ClCompile>
    <ClCompile Include="release_dialog.cpp">
      <Filter>Source Files</Filter>
    </ClCompile>
    <ClCompile Include="update_tags_dialog.cpp">
      <Filter>Source Files</Filter>
    </ClCompile>
    <ClCompile Include="utils.cpp">
      <Filter>Source Files</Filter>
    </ClCompile>
    <ClCompile Include="entities.cpp">
      <Filter>Source Files</Filter>
    </ClCompile>
    <ClCompile Include="fetcher.cpp">
      <Filter>Source Files</Filter>
    </ClCompile>
    <ClCompile Include="tags.cpp">
      <Filter>Source Files</Filter>
    </ClCompile>
    <ClCompile Include="stdafx.cpp">
      <Filter>Source Files</Filter>
    </ClCompile>
    <ClCompile Include="multiformat.cpp">
      <Filter>Source Files</Filter>
    </ClCompile>
    <ClCompile Include="discogs.cpp">
      <Filter>Source Files</Filter>
    </ClCompile>
    <ClCompile Include="discogs_interface.cpp">
      <Filter>Source Files</Filter>
    </ClCompile>
    <ClCompile Include="tasks.cpp">
      <Filter>Source Files</Filter>
    </ClCompile>
    <ClCompile Include="json_helpers.cpp">
      <Filter>Source Files</Filter>
    </ClCompile>
    <ClCompile Include="string_encoded_array.cpp">
      <Filter>Source Files</Filter>
    </ClCompile>
    <ClCompile Include="conf.cpp">
      <Filter>Source Files</Filter>
    </ClCompile>
    <ClCompile Include="tag_mappings_dialog.cpp">
      <Filter>Source Files</Filter>
    </ClCompile>
    <ClCompile Include="preview_dialog.cpp">
      <Filter>Source Files</Filter>
    </ClCompile>
    <ClCompile Include="tag_writer.cpp">
      <Filter>Source Files</Filter>
    </ClCompile>
    <ClCompile Include="prompt_dialog.cpp">
      <Filter>Source Files</Filter>
    </ClCompile>
    <ClCompile Include="file_info_manager.cpp">
      <Filter>Source Files</Filter>
    </ClCompile>
    <ClCompile Include="update_art_dialog.cpp">
      <Filter>Source Files</Filter>
    </ClCompile>
  </ItemGroup>
  <ItemGroup>
    <ResourceCompile Include="foo_discogs.rc">
      <Filter>Resource Files</Filter>
    </ResourceCompile>
  </ItemGroup>
  <ItemGroup>
    <ClInclude Include="configuration_dialog.h">
      <Filter>Header Files</Filter>
    </ClInclude>
    <ClInclude Include="contextmenu_item_discogs.h">
      <Filter>Header Files</Filter>
    </ClInclude>
    <ClInclude Include="find_release_dialog.h">
      <Filter>Header Files</Filter>
    </ClInclude>
    <ClInclude Include="foo_discogs.h">
      <Filter>Header Files</Filter>
    </ClInclude>
    <ClInclude Include="release_dialog.h">
      <Filter>Header Files</Filter>
    </ClInclude>
    <ClInclude Include="resource.h">
      <Filter>Header Files</Filter>
    </ClInclude>
    <ClInclude Include="update_tags_dialog.h">
      <Filter>Header Files</Filter>
    </ClInclude>
    <ClInclude Include="utils.h">
      <Filter>Header Files</Filter>
    </ClInclude>
    <ClInclude Include="entities.h">
      <Filter>Header Files</Filter>
    </ClInclude>
    <ClInclude Include="fetcher.h">
      <Filter>Header Files</Filter>
    </ClInclude>
    <ClInclude Include="tags.h">
      <Filter>Header Files</Filter>
    </ClInclude>
    <ClInclude Include="stdafx.h">
      <Filter>Header Files</Filter>
    </ClInclude>
    <ClInclude Include="exception.h">
      <Filter>Header Files</Filter>
    </ClInclude>
    <ClInclude Include="multiformat.h">
      <Filter>Header Files</Filter>
    </ClInclude>
    <ClInclude Include="discogs.h">
      <Filter>Header Files</Filter>
    </ClInclude>
    <ClInclude Include="discogs_interface.h">
      <Filter>Header Files</Filter>
    </ClInclude>
    <ClInclude Include="tasks.h">
      <Filter>Header Files</Filter>
    </ClInclude>
    <ClInclude Include="error_manager.h">
      <Filter>Header Files</Filter>
    </ClInclude>
    <ClInclude Include="json_helpers.h">
      <Filter>Header Files</Filter>
    </ClInclude>
    <ClInclude Include="string_encoded_array.h">
      <Filter>Header Files</Filter>
    </ClInclude>
    <ClInclude Include="conf.h">
      <Filter>Header Files</Filter>
    </ClInclude>
    <ClInclude Include="pfc_helpers.h">
      <Filter>Header Files</Filter>
    </ClInclude>
    <ClInclude Include="wtl_helpers.h">
      <Filter>Header Files</Filter>
    </ClInclude>
    <ClInclude Include="tag_mappings_dialog.h">
      <Filter>Header Files</Filter>
    </ClInclude>
    <ClInclude Include="formatting_script.h">
      <Filter>Header Files</Filter>
    </ClInclude>
    <ClInclude Include="preview_dialog.h">
      <Filter>Header Files</Filter>
    </ClInclude>
    <ClInclude Include="tag_writer.h">
      <Filter>Header Files</Filter>
    </ClInclude>
    <ClInclude Include="prompt_dialog.h">
      <Filter>Header Files</Filter>
    </ClInclude>
    <ClInclude Include="file_info_manager.h">
      <Filter>Header Files</Filter>
    </ClInclude>
    <ClInclude Include="update_art_dialog.h">
      <Filter>Header Files</Filter>
    </ClInclude>
    <ClInclude Include="cache.h">
      <Filter>Header Files</Filter>
    </ClInclude>
  </ItemGroup>
  <ItemGroup>
    <Text Include="Changelog.txt" />
  </ItemGroup>
</Project>